
Microsoft Visual Studio Solution File, Format Version 12.00
# Visual Studio Version 16
VisualStudioVersion = 16.0.31624.102
MinimumVisualStudioVersion = 10.0.40219.1
Project("{FAE04EC0-301F-11D3-BF4B-00C04F79EFBC}") = "MiniWord_Nguyen", "MiniWord_Nguyen\MiniWord_Nguyen.csproj", "{FB37A323-2B14-4D58-BC58-BAD2497B3421}"
EndProject
Global
	GlobalSection(SolutionConfigurationPlatforms) = preSolution
		Debug|Any CPU = Debug|Any CPU
		Release|Any CPU = Release|Any CPU
	EndGlobalSection
	GlobalSection(ProjectConfigurationPlatforms) = postSolution
		{FB37A323-2B14-4D58-BC58-BAD2497B3421}.Debug|Any CPU.ActiveCfg = Debug|Any CPU
		{FB37A323-2B14-4D58-BC58-BAD2497B3421}.Debug|Any CPU.Build.0 = Debug|Any CPU
		{FB37A323-2B14-4D58-BC58-BAD2497B3421}.Release|Any CPU.ActiveCfg = Release|Any CPU
		{FB37A323-2B14-4D58-BC58-BAD2497B3421}.Release|Any CPU.Build.0 = Release|Any CPU
	EndGlobalSection
	GlobalSection(SolutionProperties) = preSolution
		HideSolutionNode = FALSE
	EndGlobalSection
	GlobalSection(ExtensibilityGlobals) = postSolution
		SolutionGuid = {94625E06-2462-4256-9D63-EACE991030B6}
	EndGlobalSection
EndGlobal
